
Microsoft Visual Studio Solution File, Format Version 12.00
# Visual Studio 15
VisualStudioVersion = 15.0.28010.2046
MinimumVisualStudioVersion = 10.0.40219.1
Project("{9A19103F-16F7-4668-BE54-9A1E7A4F7556}") = "P02_CarsSalesman", "P02_CarsSalesman.csproj", "{1603FABF-DC1D-4023-8BA4-556D08DED214}"
EndProject
Global
	GlobalSection(SolutionConfigurationPlatforms) = preSolution
		Debug|Any CPU = Debug|Any CPU
		Release|Any CPU = Release|Any CPU
	EndGlobalSection
	GlobalSection(ProjectConfigurationPlatforms) = postSolution
		{1603FABF-DC1D-4023-8BA4-556D08DED214}.Debug|Any CPU.ActiveCfg = Debug|Any CPU
		{1603FABF-DC1D-4023-8BA4-556D08DED214}.Debug|Any CPU.Build.0 = Debug|Any CPU
		{1603FABF-DC1D-4023-8BA4-556D08DED214}.Release|Any CPU.ActiveCfg = Release|Any CPU
		{1603FABF-DC1D-4023-8BA4-556D08DED214}.Release|Any CPU.Build.0 = Release|Any CPU
	EndGlobalSection
	GlobalSection(SolutionProperties) = preSolution
		HideSolutionNode = FALSE
	EndGlobalSection
	GlobalSection(ExtensibilityGlobals) = postSolution
		SolutionGuid = {688F5A5B-5820-496C-B877-402458EFE74D}
	EndGlobalSection
EndGlobal
